
Microsoft Visual Studio Solution File, Format Version 12.00
# Visual Studio Version 17
VisualStudioVersion = 17.11.35327.3
MinimumVisualStudioVersion = 10.0.40219.1
Project("{FAE04EC0-301F-11D3-BF4B-00C04F79EFBC}") = "Formulario de sistema 2.0", "Formulario de sistema 2.0\Formulario de sistema 2.0.csproj", "{8A7CC03E-0393-4298-878B-D1906096D283}"
EndProject
Global
	GlobalSection(SolutionConfigurationPlatforms) = preSolution
		Debug|Any CPU = Debug|Any CPU
		Release|Any CPU = Release|Any CPU
	EndGlobalSection
	GlobalSection(ProjectConfigurationPlatforms) = postSolution
		{8A7CC03E-0393-4298-878B-D1906096D283}.Debug|Any CPU.ActiveCfg = Debug|Any CPU
		{8A7CC03E-0393-4298-878B-D1906096D283}.Debug|Any CPU.Build.0 = Debug|Any CPU
		{8A7CC03E-0393-4298-878B-D1906096D283}.Release|Any CPU.ActiveCfg = Release|Any CPU
		{8A7CC03E-0393-4298-878B-D1906096D283}.Release|Any CPU.Build.0 = Release|Any CPU
	EndGlobalSection
	GlobalSection(SolutionProperties) = preSolution
		HideSolutionNode = FALSE
	EndGlobalSection
	GlobalSection(ExtensibilityGlobals) = postSolution
		SolutionGuid = {AC5DD723-F4A3-443E-B0D3-E4DA9091421F}
	EndGlobalSection
EndGlobal
